
Microsoft Visual Studio Solution File, Format Version 12.00
# Visual Studio Version 16
VisualStudioVersion = 16.0.32428.217
MinimumVisualStudioVersion = 10.0.40219.1
Project("{FAE04EC0-301F-11D3-BF4B-00C04F79EFBC}") = "Assignment1", "Assignment1\Assignment1.csproj", "{B3388014-DDF0-45F7-93FD-D013204F605F}"
EndProject
Global
	GlobalSection(SolutionConfigurationPlatforms) = preSolution
		Debug|Any CPU = Debug|Any CPU
		Release|Any CPU = Release|Any CPU
	EndGlobalSection
	GlobalSection(ProjectConfigurationPlatforms) = postSolution
		{B3388014-DDF0-45F7-93FD-D013204F605F}.Debug|Any CPU.ActiveCfg = Debug|Any CPU
		{B3388014-DDF0-45F7-93FD-D013204F605F}.Debug|Any CPU.Build.0 = Debug|Any CPU
		{B3388014-DDF0-45F7-93FD-D013204F605F}.Release|Any CPU.ActiveCfg = Release|Any CPU
		{B3388014-DDF0-45F7-93FD-D013204F605F}.Release|Any CPU.Build.0 = Release|Any CPU
	EndGlobalSection
	GlobalSection(SolutionProperties) = preSolution
		HideSolutionNode = FALSE
	EndGlobalSection
	GlobalSection(ExtensibilityGlobals) = postSolution
		SolutionGuid = {E848544C-6C84-4C52-9E5B-56358B4B5E1A}
	EndGlobalSection
EndGlobal
